# THIS IS AN AUTOGENERATED FILE. DO NOT EDIT THIS FILE DIRECTLY.
# yarn lockfile v1


mri@^1.1.0:
  version "1.1.4"
  resolved "https://registry.yarnpkg.com/mri/-/mri-1.1.4.tgz#7cb1dd1b9b40905f1fac053abe25b6720f44744a"
  integrity sha512-6y7IjGPm8AzlvoUrwAaw1tLnUBudaS3752vcd8JtrpGGQn+rXIe63LFVHm/YMwtqAuh+LJPCFdlLYPWM1nYn6w==

sade@^1.7.0:
  version "1.7.0"
  resolved "https://registry.yarnpkg.com/sade/-/sade-1.7.0.tgz#5f16f718c80c6ba61d9031da1e22c07e1479b5d2"
  integrity sha512-HSkPpZzN7q4EFN5PVW8nTfDn1rJZh4sKbPQqz33AXokIo6SMDeVJ3RA4e0ZASlnMK6PywEMZxKXudEn5dxSWew==
  dependencies:
    mri "^1.1.0"
